<Solution>
  <Folder Name="/Services/" />
  <Folder Name="/Services/MainService/">
    <Project Path="src/Services/MainService/DNP.ThisIsAMainService.Tests.xUnitV3/DNP.ThisIsAMainService.Tests.xUnitV3.csproj" />
    <Project Path="src/Services/MainService/DNP.ThisIsAMainService/DNP.ThisIsAMainService.csproj" />
  </Folder>
  <Folder Name="/__/">
    <File Path=".gitignore" />
    <File Path=".justfile" />
    <File Path="Directory.Build.props" />
    <File Path="Directory.Packages.props" />
    <File Path="global.json" />
    <File Path="README.md" />
  </Folder>
</Solution>
